// !$*UTF8*$!
{
	archiveVersion = 1;
	classes = {
	};
	objectVersion = 56;
	objects = {

/* Begin PBXBuildFile section */
		2F3B72EC2A3EBC0E0091F37B /* ViothunSwiftUIComponentsApp.swift in Sources */ = {isa = PBXBuildFile; fileRef = 2F3B72EB2A3EBC0E0091F37B /* ViothunSwiftUIComponentsApp.swift */; };
		2F3B72EE2A3EBC0E0091F37B /* ContentView.swift in Sources */ = {isa = PBXBuildFile; fileRef = 2F3B72ED2A3EBC0E0091F37B /* ContentView.swift */; };
		2F3B72F02A3EBC0F0091F37B /* Assets.xcassets in Resources */ = {isa = PBXBuildFile; fileRef = 2F3B72EF2A3EBC0F0091F37B /* Assets.xcassets */; };
		2F3B72F32A3EBC0F0091F37B /* Preview Assets.xcassets in Resources */ = {isa = PBXBuildFile; fileRef = 2F3B72F22A3EBC0F0091F37B /* Preview Assets.xcassets */; };
		2F3B72FD2A3EBC0F0091F37B /* ViothunSwiftUIComponentsTests.swift in Sources */ = {isa = PBXBuildFile; fileRef = 2F3B72FC2A3EBC0F0091F37B /* ViothunSwiftUIComponentsTests.swift */; };
		2F3B73072A3EBC0F0091F37B /* ViothunSwiftUIComponentsUITests.swift in Sources */ = {isa = PBXBuildFile; fileRef = 2F3B73062A3EBC0F0091F37B /* ViothunSwiftUIComponentsUITests.swift */; };
		2F3B73092A3EBC0F0091F37B /* ViothunSwiftUIComponentsUITestsLaunchTests.swift in Sources */ = {isa = PBXBuildFile; fileRef = 2F3B73082A3EBC0F0091F37B /* ViothunSwiftUIComponentsUITestsLaunchTests.swift */; };
		2F3B73182A3EBC830091F37B /* QRCodeGenerator.swift in Sources */ = {isa = PBXBuildFile; fileRef = 2F3B73172A3EBC830091F37B /* QRCodeGenerator.swift */; };
		2F3B731B2A3EC3910091F37B /* Debouncer.swift in Sources */ = {isa = PBXBuildFile; fileRef = 2F3B731A2A3EC3910091F37B /* Debouncer.swift */; };
		2F3B731F2A3EC62B0091F37B /* OnFirstAppearModifier.swift in Sources */ = {isa = PBXBuildFile; fileRef = 2F3B731E2A3EC62B0091F37B /* OnFirstAppearModifier.swift */; };
/* End PBXBuildFile section */

/* Begin PBXContainerItemProxy section */
		2F3B72F92A3EBC0F0091F37B /* PBXContainerItemProxy */ = {
			isa = PBXContainerItemProxy;
			containerPortal = 2F3B72E02A3EBC0E0091F37B /* Project object */;
			proxyType = 1;
			remoteGlobalIDString = 2F3B72E72A3EBC0E0091F37B;
			remoteInfo = ViothunSwiftUIComponents;
		};
		2F3B73032A3EBC0F0091F37B /* PBXContainerItemProxy */ = {
			isa = PBXContainerItemProxy;
			containerPortal = 2F3B72E02A3EBC0E0091F37B /* Project object */;
			proxyType = 1;
			remoteGlobalIDString = 2F3B72E72A3EBC0E0091F37B;
			remoteInfo = ViothunSwiftUIComponents;
		};
/* End PBXContainerItemProxy section */

/* Begin PBXFileReference section */
		2F3B72E82A3EBC0E0091F37B /* ViothunSwiftComponents.app */ = {isa = PBXFileReference; explicitFileType = wrapper.application; includeInIndex = 0; path = ViothunSwiftComponents.app; sourceTree = BUILT_PRODUCTS_DIR; };
		2F3B72EB2A3EBC0E0091F37B /* ViothunSwiftUIComponentsApp.swift */ = {isa = PBXFileReference; lastKnownFileType = sourcecode.swift; path = ViothunSwiftUIComponentsApp.swift; sourceTree = "<group>"; };
		2F3B72ED2A3EBC0E0091F37B /* ContentView.swift */ = {isa = PBXFileReference; lastKnownFileType = sourcecode.swift; path = ContentView.swift; sourceTree = "<group>"; };
		2F3B72EF2A3EBC0F0091F37B /* Assets.xcassets */ = {isa = PBXFileReference; lastKnownFileType = folder.assetcatalog; path = Assets.xcassets; sourceTree = "<group>"; };
		2F3B72F22A3EBC0F0091F37B /* Preview Assets.xcassets */ = {isa = PBXFileReference; lastKnownFileType = folder.assetcatalog; path = "Preview Assets.xcassets"; sourceTree = "<group>"; };
		2F3B72F82A3EBC0F0091F37B /* ViothunSwiftComponentsTests.xctest */ = {isa = PBXFileReference; explicitFileType = wrapper.cfbundle; includeInIndex = 0; path = ViothunSwiftComponentsTests.xctest; sourceTree = BUILT_PRODUCTS_DIR; };
		2F3B72FC2A3EBC0F0091F37B /* ViothunSwiftUIComponentsTests.swift */ = {isa = PBXFileReference; lastKnownFileType = sourcecode.swift; path = ViothunSwiftUIComponentsTests.swift; sourceTree = "<group>"; };
		2F3B73022A3EBC0F0091F37B /* ViothunSwiftComponentsUITests.xctest */ = {isa = PBXFileReference; explicitFileType = wrapper.cfbundle; includeInIndex = 0; path = ViothunSwiftComponentsUITests.xctest; sourceTree = BUILT_PRODUCTS_DIR; };
		2F3B73062A3EBC0F0091F37B /* ViothunSwiftUIComponentsUITests.swift */ = {isa = PBXFileReference; lastKnownFileType = sourcecode.swift; path = ViothunSwiftUIComponentsUITests.swift; sourceTree = "<group>"; };
		2F3B73082A3EBC0F0091F37B /* ViothunSwiftUIComponentsUITestsLaunchTests.swift */ = {isa = PBXFileReference; lastKnownFileType = sourcecode.swift; path = ViothunSwiftUIComponentsUITestsLaunchTests.swift; sourceTree = "<group>"; };
		2F3B73172A3EBC830091F37B /* QRCodeGenerator.swift */ = {isa = PBXFileReference; lastKnownFileType = sourcecode.swift; path = QRCodeGenerator.swift; sourceTree = "<group>"; };
		2F3B731A2A3EC3910091F37B /* Debouncer.swift */ = {isa = PBXFileReference; lastKnownFileType = sourcecode.swift; path = Debouncer.swift; sourceTree = "<group>"; };
		2F3B731E2A3EC62B0091F37B /* OnFirstAppearModifier.swift */ = {isa = PBXFileReference; lastKnownFileType = sourcecode.swift; path = OnFirstAppearModifier.swift; sourceTree = "<group>"; };
/* End PBXFileReference section */

/* Begin PBXFrameworksBuildPhase section */
		2F3B72E52A3EBC0E0091F37B /* Frameworks */ = {
			isa = PBXFrameworksBuildPhase;
			buildActionMask = 2147483647;
			files = (
			);
			runOnlyForDeploymentPostprocessing = 0;
		};
		2F3B72F52A3EBC0F0091F37B /* Frameworks */ = {
			isa = PBXFrameworksBuildPhase;
			buildActionMask = 2147483647;
			files = (
			);
			runOnlyForDeploymentPostprocessing = 0;
		};
		2F3B72FF2A3EBC0F0091F37B /* Frameworks */ = {
			isa = PBXFrameworksBuildPhase;
			buildActionMask = 2147483647;
			files = (
			);
			runOnlyForDeploymentPostprocessing = 0;
		};
/* End PBXFrameworksBuildPhase section */

/* Begin PBXGroup section */
		2F3B72DF2A3EBC0E0091F37B = {
			isa = PBXGroup;
			children = (
				2F3B72EA2A3EBC0E0091F37B /* ViothunSwiftUIComponents */,
				2F3B72FB2A3EBC0F0091F37B /* ViothunSwiftUIComponentsTests */,
				2F3B73052A3EBC0F0091F37B /* ViothunSwiftUIComponentsUITests */,
				2F3B72E92A3EBC0E0091F37B /* Products */,
			);
			sourceTree = "<group>";
		};
		2F3B72E92A3EBC0E0091F37B /* Products */ = {
			isa = PBXGroup;
			children = (
				2F3B72E82A3EBC0E0091F37B /* ViothunSwiftComponents.app */,
				2F3B72F82A3EBC0F0091F37B /* ViothunSwiftComponentsTests.xctest */,
				2F3B73022A3EBC0F0091F37B /* ViothunSwiftComponentsUITests.xctest */,
			);
			name = Products;
			sourceTree = "<group>";
		};
		2F3B72EA2A3EBC0E0091F37B /* ViothunSwiftUIComponents */ = {
			isa = PBXGroup;
			children = (
				2F3B73192A3EBE790091F37B /* Commons */,
				2F3B73162A3EBC450091F37B /* Combine */,
				2F3B731C2A3EC3E50091F37B /* SwiftUI */,
				2F3B72EB2A3EBC0E0091F37B /* ViothunSwiftUIComponentsApp.swift */,
				2F3B72ED2A3EBC0E0091F37B /* ContentView.swift */,
				2F3B72EF2A3EBC0F0091F37B /* Assets.xcassets */,
				2F3B72F12A3EBC0F0091F37B /* Preview Content */,
			);
			path = ViothunSwiftUIComponents;
			sourceTree = "<group>";
		};
		2F3B72F12A3EBC0F0091F37B /* Preview Content */ = {
			isa = PBXGroup;
			children = (
				2F3B72F22A3EBC0F0091F37B /* Preview Assets.xcassets */,
			);
			path = "Preview Content";
			sourceTree = "<group>";
		};
		2F3B72FB2A3EBC0F0091F37B /* ViothunSwiftUIComponentsTests */ = {
			isa = PBXGroup;
			children = (
				2F3B72FC2A3EBC0F0091F37B /* ViothunSwiftUIComponentsTests.swift */,
			);
			path = ViothunSwiftUIComponentsTests;
			sourceTree = "<group>";
		};
		2F3B73052A3EBC0F0091F37B /* ViothunSwiftUIComponentsUITests */ = {
			isa = PBXGroup;
			children = (
				2F3B73062A3EBC0F0091F37B /* ViothunSwiftUIComponentsUITests.swift */,
				2F3B73082A3EBC0F0091F37B /* ViothunSwiftUIComponentsUITestsLaunchTests.swift */,
			);
			path = ViothunSwiftUIComponentsUITests;
			sourceTree = "<group>";
		};
		2F3B73152A3EBC320091F37B /* Drawing */ = {
			isa = PBXGroup;
			children = (
				2F3B73172A3EBC830091F37B /* QRCodeGenerator.swift */,
			);
			path = Drawing;
			sourceTree = "<group>";
		};
		2F3B73162A3EBC450091F37B /* Combine */ = {
			isa = PBXGroup;
			children = (
				2F3B731A2A3EC3910091F37B /* Debouncer.swift */,
			);
			path = Combine;
			sourceTree = "<group>";
		};
		2F3B73192A3EBE790091F37B /* Commons */ = {
			isa = PBXGroup;
			children = (
				2F3B73152A3EBC320091F37B /* Drawing */,
			);
			path = Commons;
			sourceTree = "<group>";
		};
		2F3B731C2A3EC3E50091F37B /* SwiftUI */ = {
			isa = PBXGroup;
			children = (
				2F3B731D2A3EC5FF0091F37B /* ViewModifiers */,
			);
			path = SwiftUI;
			sourceTree = "<group>";
		};
		2F3B731D2A3EC5FF0091F37B /* ViewModifiers */ = {
			isa = PBXGroup;
			children = (
				2F3B731E2A3EC62B0091F37B /* OnFirstAppearModifier.swift */,
			);
			path = ViewModifiers;
			sourceTree = "<group>";
		};
/* End PBXGroup section */

/* Begin PBXNativeTarget section */
		2F3B72E72A3EBC0E0091F37B /* ViothunSwiftComponents */ = {
			isa = PBXNativeTarget;
			buildConfigurationList = 2F3B730C2A3EBC0F0091F37B /* Build configuration list for PBXNativeTarget "ViothunSwiftComponents" */;
			buildPhases = (
				2F3B72E42A3EBC0E0091F37B /* Sources */,
				2F3B72E52A3EBC0E0091F37B /* Frameworks */,
				2F3B72E62A3EBC0E0091F37B /* Resources */,
			);
			buildRules = (
			);
			dependencies = (
			);
			name = ViothunSwiftComponents;
			productName = ViothunSwiftUIComponents;
			productReference = 2F3B72E82A3EBC0E0091F37B /* ViothunSwiftComponents.app */;
			productType = "com.apple.product-type.application";
		};
		2F3B72F72A3EBC0F0091F37B /* ViothunSwiftComponentsTests */ = {
			isa = PBXNativeTarget;
			buildConfigurationList = 2F3B730F2A3EBC0F0091F37B /* Build configuration list for PBXNativeTarget "ViothunSwiftComponentsTests" */;
			buildPhases = (
				2F3B72F42A3EBC0F0091F37B /* Sources */,
				2F3B72F52A3EBC0F0091F37B /* Frameworks */,
				2F3B72F62A3EBC0F0091F37B /* Resources */,
			);
			buildRules = (
			);
			dependencies = (
				2F3B72FA2A3EBC0F0091F37B /* PBXTargetDependency */,
			);
			name = ViothunSwiftComponentsTests;
			productName = ViothunSwiftUIComponentsTests;
			productReference = 2F3B72F82A3EBC0F0091F37B /* ViothunSwiftComponentsTests.xctest */;
			productType = "com.apple.product-type.bundle.unit-test";
		};
		2F3B73012A3EBC0F0091F37B /* ViothunSwiftComponentsUITests */ = {
			isa = PBXNativeTarget;
			buildConfigurationList = 2F3B73122A3EBC0F0091F37B /* Build configuration list for PBXNativeTarget "ViothunSwiftComponentsUITests" */;
			buildPhases = (
				2F3B72FE2A3EBC0F0091F37B /* Sources */,
				2F3B72FF2A3EBC0F0091F37B /* Frameworks */,
				2F3B73002A3EBC0F0091F37B /* Resources */,
			);
			buildRules = (
			);
			dependencies = (
				2F3B73042A3EBC0F0091F37B /* PBXTargetDependency */,
			);
			name = ViothunSwiftComponentsUITests;
			productName = ViothunSwiftUIComponentsUITests;
			productReference = 2F3B73022A3EBC0F0091F37B /* ViothunSwiftComponentsUITests.xctest */;
			productType = "com.apple.product-type.bundle.ui-testing";
		};
/* End PBXNativeTarget section */

/* Begin PBXProject section */
		2F3B72E02A3EBC0E0091F37B /* Project object */ = {
			isa = PBXProject;
			attributes = {
				BuildIndependentTargetsInParallel = 1;
				LastSwiftUpdateCheck = 1430;
				LastUpgradeCheck = 1430;
				TargetAttributes = {
					2F3B72E72A3EBC0E0091F37B = {
						CreatedOnToolsVersion = 14.3.1;
					};
					2F3B72F72A3EBC0F0091F37B = {
						CreatedOnToolsVersion = 14.3.1;
						TestTargetID = 2F3B72E72A3EBC0E0091F37B;
					};
					2F3B73012A3EBC0F0091F37B = {
						CreatedOnToolsVersion = 14.3.1;
						TestTargetID = 2F3B72E72A3EBC0E0091F37B;
					};
				};
			};
			buildConfigurationList = 2F3B72E32A3EBC0E0091F37B /* Build configuration list for PBXProject "ViothunSwiftComponents" */;
			compatibilityVersion = "Xcode 14.0";
			developmentRegion = en;
			hasScannedForEncodings = 0;
			knownRegions = (
				en,
				Base,
			);
			mainGroup = 2F3B72DF2A3EBC0E0091F37B;
			productRefGroup = 2F3B72E92A3EBC0E0091F37B /* Products */;
			projectDirPath = "";
			projectRoot = "";
			targets = (
				2F3B72E72A3EBC0E0091F37B /* ViothunSwiftComponents */,
				2F3B72F72A3EBC0F0091F37B /* ViothunSwiftComponentsTests */,
				2F3B73012A3EBC0F0091F37B /* ViothunSwiftComponentsUITests */,
			);
		};
/* End PBXProject section */

/* Begin PBXResourcesBuildPhase section */
		2F3B72E62A3EBC0E0091F37B /* Resources */ = {
			isa = PBXResourcesBuildPhase;
			buildActionMask = 2147483647;
			files = (
				2F3B72F32A3EBC0F0091F37B /* Preview Assets.xcassets in Resources */,
				2F3B72F02A3EBC0F0091F37B /* Assets.xcassets in Resources */,
			);
			runOnlyForDeploymentPostprocessing = 0;
		};
		2F3B72F62A3EBC0F0091F37B /* Resources */ = {
			isa = PBXResourcesBuildPhase;
			buildActionMask = 2147483647;
			files = (
			);
			runOnlyForDeploymentPostprocessing = 0;
		};
		2F3B73002A3EBC0F0091F37B /* Resources */ = {
			isa = PBXResourcesBuildPhase;
			buildActionMask = 2147483647;
			files = (
			);
			runOnlyForDeploymentPostprocessing = 0;
		};
/* End PBXResourcesBuildPhase section */

/* Begin PBXSourcesBuildPhase section */
		2F3B72E42A3EBC0E0091F37B /* Sources */ = {
			isa = PBXSourcesBuildPhase;
			buildActionMask = 2147483647;
			files = (
				2F3B731F2A3EC62B0091F37B /* OnFirstAppearModifier.swift in Sources */,
				2F3B72EE2A3EBC0E0091F37B /* ContentView.swift in Sources */,
				2F3B731B2A3EC3910091F37B /* Debouncer.swift in Sources */,
				2F3B73182A3EBC830091F37B /* QRCodeGenerator.swift in Sources */,
				2F3B72EC2A3EBC0E0091F37B /* ViothunSwiftUIComponentsApp.swift in Sources */,
			);
			runOnlyForDeploymentPostprocessing = 0;
		};
		2F3B72F42A3EBC0F0091F37B /* Sources */ = {
			isa = PBXSourcesBuildPhase;
			buildActionMask = 2147483647;
			files = (
				2F3B72FD2A3EBC0F0091F37B /* ViothunSwiftUIComponentsTests.swift in Sources */,
			);
			runOnlyForDeploymentPostprocessing = 0;
		};
		2F3B72FE2A3EBC0F0091F37B /* Sources */ = {
			isa = PBXSourcesBuildPhase;
			buildActionMask = 2147483647;
			files = (
				2F3B73092A3EBC0F0091F37B /* ViothunSwiftUIComponentsUITestsLaunchTests.swift in Sources */,
				2F3B73072A3EBC0F0091F37B /* ViothunSwiftUIComponentsUITests.swift in Sources */,
			);
			runOnlyForDeploymentPostprocessing = 0;
		};
/* End PBXSourcesBuildPhase section */

/* Begin PBXTargetDependency section */
		2F3B72FA2A3EBC0F0091F37B /* PBXTargetDependency */ = {
			isa = PBXTargetDependency;
			target = 2F3B72E72A3EBC0E0091F37B /* ViothunSwiftComponents */;
			targetProxy = 2F3B72F92A3EBC0F0091F37B /* PBXContainerItemProxy */;
		};
		2F3B73042A3EBC0F0091F37B /* PBXTargetDependency */ = {
			isa = PBXTargetDependency;
			target = 2F3B72E72A3EBC0E0091F37B /* ViothunSwiftComponents */;
			targetProxy = 2F3B73032A3EBC0F0091F37B /* PBXContainerItemProxy */;
		};
/* End PBXTargetDependency section */

/* Begin XCBuildConfiguration section */
		2F3B730A2A3EBC0F0091F37B /* Debug */ = {
			isa = XCBuildConfiguration;
			buildSettings = {
				ALWAYS_SEARCH_USER_PATHS = NO;
				CLANG_ANALYZER_NONNULL = YES;
				CLANG_ANALYZER_NUMBER_OBJECT_CONVERSION = YES_AGGRESSIVE;
				CLANG_CXX_LANGUAGE_STANDARD = "gnu++20";
				CLANG_ENABLE_MODULES = YES;
				CLANG_ENABLE_OBJC_ARC = YES;
				CLANG_ENABLE_OBJC_WEAK = YES;
				CLANG_WARN_BLOCK_CAPTURE_AUTORELEASING = YES;
				CLANG_WARN_BOOL_CONVERSION = YES;
				CLANG_WARN_COMMA = YES;
				CLANG_WARN_CONSTANT_CONVERSION = YES;
				CLANG_WARN_DEPRECATED_OBJC_IMPLEMENTATIONS = YES;
				CLANG_WARN_DIRECT_OBJC_ISA_USAGE = YES_ERROR;
				CLANG_WARN_DOCUMENTATION_COMMENTS = YES;
				CLANG_WARN_EMPTY_BODY = YES;
				CLANG_WARN_ENUM_CONVERSION = YES;
				CLANG_WARN_INFINITE_RECURSION = YES;
				CLANG_WARN_INT_CONVERSION = YES;
				CLANG_WARN_NON_LITERAL_NULL_CONVERSION = YES;
				CLANG_WARN_OBJC_IMPLICIT_RETAIN_SELF = YES;
				CLANG_WARN_OBJC_LITERAL_CONVERSION = YES;
				CLANG_WARN_OBJC_ROOT_CLASS = YES_ERROR;
				CLANG_WARN_QUOTED_INCLUDE_IN_FRAMEWORK_HEADER = YES;
				CLANG_WARN_RANGE_LOOP_ANALYSIS = YES;
				CLANG_WARN_STRICT_PROTOTYPES = YES;
				CLANG_WARN_SUSPICIOUS_MOVE = YES;
				CLANG_WARN_UNGUARDED_AVAILABILITY = YES_AGGRESSIVE;
				CLANG_WARN_UNREACHABLE_CODE = YES;
				CLANG_WARN__DUPLICATE_METHOD_MATCH = YES;
				COPY_PHASE_STRIP = NO;
				DEBUG_INFORMATION_FORMAT = dwarf;
				ENABLE_STRICT_OBJC_MSGSEND = YES;
				ENABLE_TESTABILITY = YES;
				GCC_C_LANGUAGE_STANDARD = gnu11;
				GCC_DYNAMIC_NO_PIC = NO;
				GCC_NO_COMMON_BLOCKS = YES;
				GCC_OPTIMIZATION_LEVEL = 0;
				GCC_PREPROCESSOR_DEFINITIONS = (
					"DEBUG=1",
					"$(inherited)",
				);
				GCC_WARN_64_TO_32_BIT_CONVERSION = YES;
				GCC_WARN_ABOUT_RETURN_TYPE = YES_ERROR;
				GCC_WARN_UNDECLARED_SELECTOR = YES;
				GCC_WARN_UNINITIALIZED_AUTOS = YES_AGGRESSIVE;
				GCC_WARN_UNUSED_FUNCTION = YES;
				GCC_WARN_UNUSED_VARIABLE = YES;
				IPHONEOS_DEPLOYMENT_TARGET = 16.4;
				MTL_ENABLE_DEBUG_INFO = INCLUDE_SOURCE;
				MTL_FAST_MATH = YES;
				ONLY_ACTIVE_ARCH = YES;
				SDKROOT = iphoneos;
				SWIFT_ACTIVE_COMPILATION_CONDITIONS = DEBUG;
				SWIFT_OPTIMIZATION_LEVEL = "-Onone";
			};
			name = Debug;
		};
		2F3B730B2A3EBC0F0091F37B /* Release */ = {
			isa = XCBuildConfiguration;
			buildSettings = {
				ALWAYS_SEARCH_USER_PATHS = NO;
				CLANG_ANALYZER_NONNULL = YES;
				CLANG_ANALYZER_NUMBER_OBJECT_CONVERSION = YES_AGGRESSIVE;
				CLANG_CXX_LANGUAGE_STANDARD = "gnu++20";
				CLANG_ENABLE_MODULES = YES;
				CLANG_ENABLE_OBJC_ARC = YES;
				CLANG_ENABLE_OBJC_WEAK = YES;
				CLANG_WARN_BLOCK_CAPTURE_AUTORELEASING = YES;
				CLANG_WARN_BOOL_CONVERSION = YES;
				CLANG_WARN_COMMA = YES;
				CLANG_WARN_CONSTANT_CONVERSION = YES;
				CLANG_WARN_DEPRECATED_OBJC_IMPLEMENTATIONS = YES;
				CLANG_WARN_DIRECT_OBJC_ISA_USAGE = YES_ERROR;
				CLANG_WARN_DOCUMENTATION_COMMENTS = YES;
				CLANG_WARN_EMPTY_BODY = YES;
				CLANG_WARN_ENUM_CONVERSION = YES;
				CLANG_WARN_INFINITE_RECURSION = YES;
				CLANG_WARN_INT_CONVERSION = YES;
				CLANG_WARN_NON_LITERAL_NULL_CONVERSION = YES;
				CLANG_WARN_OBJC_IMPLICIT_RETAIN_SELF = YES;
				CLANG_WARN_OBJC_LITERAL_CONVERSION = YES;
				CLANG_WARN_OBJC_ROOT_CLASS = YES_ERROR;
				CLANG_WARN_QUOTED_INCLUDE_IN_FRAMEWORK_HEADER = YES;
				CLANG_WARN_RANGE_LOOP_ANALYSIS = YES;
				CLANG_WARN_STRICT_PROTOTYPES = YES;
				CLANG_WARN_SUSPICIOUS_MOVE = YES;
				CLANG_WARN_UNGUARDED_AVAILABILITY = YES_AGGRESSIVE;
				CLANG_WARN_UNREACHABLE_CODE = YES;
				CLANG_WARN__DUPLICATE_METHOD_MATCH = YES;
				COPY_PHASE_STRIP = NO;
				DEBUG_INFORMATION_FORMAT = "dwarf-with-dsym";
				ENABLE_NS_ASSERTIONS = NO;
				ENABLE_STRICT_OBJC_MSGSEND = YES;
				GCC_C_LANGUAGE_STANDARD = gnu11;
				GCC_NO_COMMON_BLOCKS = YES;
				GCC_WARN_64_TO_32_BIT_CONVERSION = YES;
				GCC_WARN_ABOUT_RETURN_TYPE = YES_ERROR;
				GCC_WARN_UNDECLARED_SELECTOR = YES;
				GCC_WARN_UNINITIALIZED_AUTOS = YES_AGGRESSIVE;
				GCC_WARN_UNUSED_FUNCTION = YES;
				GCC_WARN_UNUSED_VARIABLE = YES;
				IPHONEOS_DEPLOYMENT_TARGET = 16.4;
				MTL_ENABLE_DEBUG_INFO = NO;
				MTL_FAST_MATH = YES;
				SDKROOT = iphoneos;
				SWIFT_COMPILATION_MODE = wholemodule;
				SWIFT_OPTIMIZATION_LEVEL = "-O";
				VALIDATE_PRODUCT = YES;
			};
			name = Release;
		};
		2F3B730D2A3EBC0F0091F37B /* Debug */ = {
			isa = XCBuildConfiguration;
			buildSettings = {
				ASSETCATALOG_COMPILER_APPICON_NAME = AppIcon;
				ASSETCATALOG_COMPILER_GLOBAL_ACCENT_COLOR_NAME = AccentColor;
				CODE_SIGN_STYLE = Automatic;
				CURRENT_PROJECT_VERSION = 1;
				DEVELOPMENT_ASSET_PATHS = "\"ViothunSwiftUIComponents/Preview Content\"";
				DEVELOPMENT_TEAM = 48CKAFKWVH;
				ENABLE_PREVIEWS = YES;
				GENERATE_INFOPLIST_FILE = YES;
				INFOPLIST_KEY_UIApplicationSceneManifest_Generation = YES;
				INFOPLIST_KEY_UIApplicationSupportsIndirectInputEvents = YES;
				INFOPLIST_KEY_UILaunchScreen_Generation = YES;
				INFOPLIST_KEY_UISupportedInterfaceOrientations_iPad = "UIInterfaceOrientationPortrait UIInterfaceOrientationPortraitUpsideDown UIInterfaceOrientationLandscapeLeft UIInterfaceOrientationLandscapeRight";
				INFOPLIST_KEY_UISupportedInterfaceOrientations_iPhone = "UIInterfaceOrientationPortrait UIInterfaceOrientationLandscapeLeft UIInterfaceOrientationLandscapeRight";
				LD_RUNPATH_SEARCH_PATHS = (
					"$(inherited)",
					"@executable_path/Frameworks",
				);
				MARKETING_VERSION = 1.0;
				PRODUCT_BUNDLE_IDENTIFIER = com.viothun.ViothunSwiftUIComponents;
				PRODUCT_NAME = "$(TARGET_NAME)";
				SWIFT_EMIT_LOC_STRINGS = YES;
				SWIFT_VERSION = 5.0;
				TARGETED_DEVICE_FAMILY = "1,2";
			};
			name = Debug;
		};
		2F3B730E2A3EBC0F0091F37B /* Release */ = {
			isa = XCBuildConfiguration;
			buildSettings = {
				ASSETCATALOG_COMPILER_APPICON_NAME = AppIcon;
				ASSETCATALOG_COMPILER_GLOBAL_ACCENT_COLOR_NAME = AccentColor;
				CODE_SIGN_STYLE = Automatic;
				CURRENT_PROJECT_VERSION = 1;
				DEVELOPMENT_ASSET_PATHS = "\"ViothunSwiftUIComponents/Preview Content\"";
				DEVELOPMENT_TEAM = 48CKAFKWVH;
				ENABLE_PREVIEWS = YES;
				GENERATE_INFOPLIST_FILE = YES;
				INFOPLIST_KEY_UIApplicationSceneManifest_Generation = YES;
				INFOPLIST_KEY_UIApplicationSupportsIndirectInputEvents = YES;
				INFOPLIST_KEY_UILaunchScreen_Generation = YES;
				INFOPLIST_KEY_UISupportedInterfaceOrientations_iPad = "UIInterfaceOrientationPortrait UIInterfaceOrientationPortraitUpsideDown UIInterfaceOrientationLandscapeLeft UIInterfaceOrientationLandscapeRight";
				INFOPLIST_KEY_UISupportedInterfaceOrientations_iPhone = "UIInterfaceOrientationPortrait UIInterfaceOrientationLandscapeLeft UIInterfaceOrientationLandscapeRight";
				LD_RUNPATH_SEARCH_PATHS = (
					"$(inherited)",
					"@executable_path/Frameworks",
				);
				MARKETING_VERSION = 1.0;
				PRODUCT_BUNDLE_IDENTIFIER = com.viothun.ViothunSwiftUIComponents;
				PRODUCT_NAME = "$(TARGET_NAME)";
				SWIFT_EMIT_LOC_STRINGS = YES;
				SWIFT_VERSION = 5.0;
				TARGETED_DEVICE_FAMILY = "1,2";
			};
			name = Release;
		};
		2F3B73102A3EBC0F0091F37B /* Debug */ = {
			isa = XCBuildConfiguration;
			buildSettings = {
				ALWAYS_EMBED_SWIFT_STANDARD_LIBRARIES = YES;
				BUNDLE_LOADER = "$(TEST_HOST)";
				CODE_SIGN_STYLE = Automatic;
				CURRENT_PROJECT_VERSION = 1;
				DEVELOPMENT_TEAM = 48CKAFKWVH;
				GENERATE_INFOPLIST_FILE = YES;
				IPHONEOS_DEPLOYMENT_TARGET = 16.4;
				MARKETING_VERSION = 1.0;
				PRODUCT_BUNDLE_IDENTIFIER = com.viothun.ViothunSwiftUIComponentsTests;
				PRODUCT_NAME = "$(TARGET_NAME)";
				SWIFT_EMIT_LOC_STRINGS = NO;
				SWIFT_VERSION = 5.0;
				TARGETED_DEVICE_FAMILY = "1,2";
				TEST_HOST = "$(BUILT_PRODUCTS_DIR)/ViothunSwiftComponents.app/$(BUNDLE_EXECUTABLE_FOLDER_PATH)/ViothunSwiftComponents";
			};
			name = Debug;
		};
		2F3B73112A3EBC0F0091F37B /* Release */ = {
			isa = XCBuildConfiguration;
			buildSettings = {
				ALWAYS_EMBED_SWIFT_STANDARD_LIBRARIES = YES;
				BUNDLE_LOADER = "$(TEST_HOST)";
				CODE_SIGN_STYLE = Automatic;
				CURRENT_PROJECT_VERSION = 1;
				DEVELOPMENT_TEAM = 48CKAFKWVH;
				GENERATE_INFOPLIST_FILE = YES;
				IPHONEOS_DEPLOYMENT_TARGET = 16.4;
				MARKETING_VERSION = 1.0;
				PRODUCT_BUNDLE_IDENTIFIER = com.viothun.ViothunSwiftUIComponentsTests;
				PRODUCT_NAME = "$(TARGET_NAME)";
				SWIFT_EMIT_LOC_STRINGS = NO;
				SWIFT_VERSION = 5.0;
				TARGETED_DEVICE_FAMILY = "1,2";
				TEST_HOST = "$(BUILT_PRODUCTS_DIR)/ViothunSwiftComponents.app/$(BUNDLE_EXECUTABLE_FOLDER_PATH)/ViothunSwiftComponents";
			};
			name = Release;
		};
		2F3B73132A3EBC0F0091F37B /* Debug */ = {
			isa = XCBuildConfiguration;
			buildSettings = {
				ALWAYS_EMBED_SWIFT_STANDARD_LIBRARIES = YES;
				CODE_SIGN_STYLE = Automatic;
				CURRENT_PROJECT_VERSION = 1;
				DEVELOPMENT_TEAM = 48CKAFKWVH;
				GENERATE_INFOPLIST_FILE = YES;
				MARKETING_VERSION = 1.0;
				PRODUCT_BUNDLE_IDENTIFIER = com.viothun.ViothunSwiftUIComponentsUITests;
				PRODUCT_NAME = "$(TARGET_NAME)";
				SWIFT_EMIT_LOC_STRINGS = NO;
				SWIFT_VERSION = 5.0;
				TARGETED_DEVICE_FAMILY = "1,2";
				TEST_TARGET_NAME = ViothunSwiftUIComponents;
			};
			name = Debug;
		};
		2F3B73142A3EBC0F0091F37B /* Release */ = {
			isa = XCBuildConfiguration;
			buildSettings = {
				ALWAYS_EMBED_SWIFT_STANDARD_LIBRARIES = YES;
				CODE_SIGN_STYLE = Automatic;
				CURRENT_PROJECT_VERSION = 1;
				DEVELOPMENT_TEAM = 48CKAFKWVH;
				GENERATE_INFOPLIST_FILE = YES;
				MARKETING_VERSION = 1.0;
				PRODUCT_BUNDLE_IDENTIFIER = com.viothun.ViothunSwiftUIComponentsUITests;
				PRODUCT_NAME = "$(TARGET_NAME)";
				SWIFT_EMIT_LOC_STRINGS = NO;
				SWIFT_VERSION = 5.0;
				TARGETED_DEVICE_FAMILY = "1,2";
				TEST_TARGET_NAME = ViothunSwiftUIComponents;
			};
			name = Release;
		};
/* End XCBuildConfiguration section */

/* Begin XCConfigurationList section */
		2F3B72E32A3EBC0E0091F37B /* Build configuration list for PBXProject "ViothunSwiftComponents" */ = {
			isa = XCConfigurationList;
			buildConfigurations = (
				2F3B730A2A3EBC0F0091F37B /* Debug */,
				2F3B730B2A3EBC0F0091F37B /* Release */,
			);
			defaultConfigurationIsVisible = 0;
			defaultConfigurationName = Release;
		};
		2F3B730C2A3EBC0F0091F37B /* Build configuration list for PBXNativeTarget "ViothunSwiftComponents" */ = {
			isa = XCConfigurationList;
			buildConfigurations = (
				2F3B730D2A3EBC0F0091F37B /* Debug */,
				2F3B730E2A3EBC0F0091F37B /* Release */,
			);
			defaultConfigurationIsVisible = 0;
			defaultConfigurationName = Release;
		};
		2F3B730F2A3EBC0F0091F37B /* Build configuration list for PBXNativeTarget "ViothunSwiftComponentsTests" */ = {
			isa = XCConfigurationList;
			buildConfigurations = (
				2F3B73102A3EBC0F0091F37B /* Debug */,
				2F3B73112A3EBC0F0091F37B /* Release */,
			);
			defaultConfigurationIsVisible = 0;
			defaultConfigurationName = Release;
		};
		2F3B73122A3EBC0F0091F37B /* Build configuration list for PBXNativeTarget "ViothunSwiftComponentsUITests" */ = {
			isa = XCConfigurationList;
			buildConfigurations = (
				2F3B73132A3EBC0F0091F37B /* Debug */,
				2F3B73142A3EBC0F0091F37B /* Release */,
			);
			defaultConfigurationIsVisible = 0;
			defaultConfigurationName = Release;
		};
/* End XCConfigurationList section */
	};
	rootObject = 2F3B72E02A3EBC0E0091F37B /* Project object */;
}
